
Microsoft Visual Studio Solution File, Format Version 12.00
# Visual Studio 2012
Project("{FAE04EC0-301F-11D3-BF4B-00C04F79EFBC}") = "VersionTools.Lib", "src\VersionTools.Lib\VersionTools.Lib.csproj", "{66342EC2-5DB9-4E5F-9BA7-FA8F710CAA7D}"
EndProject
Project("{FAE04EC0-301F-11D3-BF4B-00C04F79EFBC}") = "VersionTools.Lib.Test", "test\VersionTools.Lib.Test\VersionTools.Lib.Test.csproj", "{91EB79B3-21F8-48C8-89E7-2BF9FE25EB15}"
EndProject
Project("{2150E333-8FDC-42A3-9474-1A3956D46DE8}") = "Tests", "Tests", "{D549D8B3-10B7-408C-B64E-E289D30B1FC8}"
EndProject
Project("{FAE04EC0-301F-11D3-BF4B-00C04F79EFBC}") = "VersionTools.Cli", "src\VersionTools.Cli\VersionTools.Cli.csproj", "{2413C62C-46DA-45F8-B4BC-01C6450166A2}"
EndProject
Global
	GlobalSection(SolutionConfigurationPlatforms) = preSolution
		Debug|Any CPU = Debug|Any CPU
		Release|Any CPU = Release|Any CPU
	EndGlobalSection
	GlobalSection(ProjectConfigurationPlatforms) = postSolution
		{66342EC2-5DB9-4E5F-9BA7-FA8F710CAA7D}.Debug|Any CPU.ActiveCfg = Debug|Any CPU
		{66342EC2-5DB9-4E5F-9BA7-FA8F710CAA7D}.Debug|Any CPU.Build.0 = Debug|Any CPU
		{66342EC2-5DB9-4E5F-9BA7-FA8F710CAA7D}.Release|Any CPU.ActiveCfg = Release|Any CPU
		{66342EC2-5DB9-4E5F-9BA7-FA8F710CAA7D}.Release|Any CPU.Build.0 = Release|Any CPU
		{91EB79B3-21F8-48C8-89E7-2BF9FE25EB15}.Debug|Any CPU.ActiveCfg = Debug|Any CPU
		{91EB79B3-21F8-48C8-89E7-2BF9FE25EB15}.Debug|Any CPU.Build.0 = Debug|Any CPU
		{91EB79B3-21F8-48C8-89E7-2BF9FE25EB15}.Release|Any CPU.ActiveCfg = Release|Any CPU
		{91EB79B3-21F8-48C8-89E7-2BF9FE25EB15}.Release|Any CPU.Build.0 = Release|Any CPU
		{2413C62C-46DA-45F8-B4BC-01C6450166A2}.Debug|Any CPU.ActiveCfg = Debug|Any CPU
		{2413C62C-46DA-45F8-B4BC-01C6450166A2}.Debug|Any CPU.Build.0 = Debug|Any CPU
		{2413C62C-46DA-45F8-B4BC-01C6450166A2}.Release|Any CPU.ActiveCfg = Release|Any CPU
		{2413C62C-46DA-45F8-B4BC-01C6450166A2}.Release|Any CPU.Build.0 = Release|Any CPU
	EndGlobalSection
	GlobalSection(SolutionProperties) = preSolution
		HideSolutionNode = FALSE
	EndGlobalSection
	GlobalSection(NestedProjects) = preSolution
		{91EB79B3-21F8-48C8-89E7-2BF9FE25EB15} = {D549D8B3-10B7-408C-B64E-E289D30B1FC8}
	EndGlobalSection
EndGlobal
